
Microsoft Visual Studio Solution File, Format Version 12.00
# Visual Studio 15
VisualStudioVersion = 15.0.28307.852
MinimumVisualStudioVersion = 10.0.40219.1
Project("{FAE04EC0-301F-11D3-BF4B-00C04F79EFBC}") = "BootstrapDemo", "BootstrapDemo\BootstrapDemo.csproj", "{F787A1A6-CCF0-4566-BE82-6215BBDA35ED}"
EndProject
Global
	GlobalSection(SolutionConfigurationPlatforms) = preSolution
		Debug|Any CPU = Debug|Any CPU
		Release|Any CPU = Release|Any CPU
	EndGlobalSection
	GlobalSection(ProjectConfigurationPlatforms) = postSolution
		{F787A1A6-CCF0-4566-BE82-6215BBDA35ED}.Debug|Any CPU.ActiveCfg = Debug|Any CPU
		{F787A1A6-CCF0-4566-BE82-6215BBDA35ED}.Debug|Any CPU.Build.0 = Debug|Any CPU
		{F787A1A6-CCF0-4566-BE82-6215BBDA35ED}.Release|Any CPU.ActiveCfg = Release|Any CPU
		{F787A1A6-CCF0-4566-BE82-6215BBDA35ED}.Release|Any CPU.Build.0 = Release|Any CPU
	EndGlobalSection
	GlobalSection(SolutionProperties) = preSolution
		HideSolutionNode = FALSE
	EndGlobalSection
	GlobalSection(ExtensibilityGlobals) = postSolution
		SolutionGuid = {612146E1-0716-4C08-A34E-F4EEA3A1A617}
	EndGlobalSection
EndGlobal
